// !$*UTF8*$!
{
	archiveVersion = 1;
	classes = {
	};
	objectVersion = 56;
	objects = {

/* Begin PBXBuildFile section */
		1484ADD32B2F527D009D5EBB /* AppDelegate.swift in Sources */ = {isa = PBXBuildFile; fileRef = 1484ADD22B2F527D009D5EBB /* AppDelegate.swift */; };
		1484ADD52B2F527D009D5EBB /* SceneDelegate.swift in Sources */ = {isa = PBXBuildFile; fileRef = 1484ADD42B2F527D009D5EBB /* SceneDelegate.swift */; };
		1484ADD72B2F527D009D5EBB /* TabBarViewControllerTabViewController.swift in Sources */ = {isa = PBXBuildFile; fileRef = 1484ADD62B2F527D009D5EBB /* TabBarViewControllerTabViewController.swift */; };
		1484ADDC2B2F527E009D5EBB /* Assets.xcassets in Resources */ = {isa = PBXBuildFile; fileRef = 1484ADDB2B2F527E009D5EBB /* Assets.xcassets */; };
		1484ADDF2B2F527E009D5EBB /* LaunchScreen.storyboard in Resources */ = {isa = PBXBuildFile; fileRef = 1484ADDD2B2F527E009D5EBB /* LaunchScreen.storyboard */; };
		1484ADEA2B2F527E009D5EBB /* RickAndMortyAppTests.swift in Sources */ = {isa = PBXBuildFile; fileRef = 1484ADE92B2F527E009D5EBB /* RickAndMortyAppTests.swift */; };
		1484ADF42B2F527E009D5EBB /* RickAndMortyAppUITests.swift in Sources */ = {isa = PBXBuildFile; fileRef = 1484ADF32B2F527E009D5EBB /* RickAndMortyAppUITests.swift */; };
		1484ADF62B2F527E009D5EBB /* RickAndMortyAppUITestsLaunchTests.swift in Sources */ = {isa = PBXBuildFile; fileRef = 1484ADF52B2F527E009D5EBB /* RickAndMortyAppUITestsLaunchTests.swift */; };
		1484AE0A2B2F59C6009D5EBB /* Character.swift in Sources */ = {isa = PBXBuildFile; fileRef = 1484AE092B2F59C6009D5EBB /* Character.swift */; };
		1484AE0C2B2F59D6009D5EBB /* Location.swift in Sources */ = {isa = PBXBuildFile; fileRef = 1484AE0B2B2F59D6009D5EBB /* Location.swift */; };
		1484AE0E2B2F59FB009D5EBB /* Episode.swift in Sources */ = {isa = PBXBuildFile; fileRef = 1484AE0D2B2F59FB009D5EBB /* Episode.swift */; };
		1484AE122B2F5AE3009D5EBB /* CharacterViewController.swift in Sources */ = {isa = PBXBuildFile; fileRef = 1484AE112B2F5AE3009D5EBB /* CharacterViewController.swift */; };
		1484AE142B2F5AF0009D5EBB /* EpisodeViewController.swift in Sources */ = {isa = PBXBuildFile; fileRef = 1484AE132B2F5AF0009D5EBB /* EpisodeViewController.swift */; };
		1484AE162B2F5B07009D5EBB /* LocationViewController.swift in Sources */ = {isa = PBXBuildFile; fileRef = 1484AE152B2F5B07009D5EBB /* LocationViewController.swift */; };
		1484AE182B2F5B1F009D5EBB /* SettingsViewController.swift in Sources */ = {isa = PBXBuildFile; fileRef = 1484AE172B2F5B1F009D5EBB /* SettingsViewController.swift */; };
		1484AE1E2B2F6DB9009D5EBB /* APIService.swift in Sources */ = {isa = PBXBuildFile; fileRef = 1484AE1D2B2F6DB9009D5EBB /* APIService.swift */; };
		1484AE202B2F6DCC009D5EBB /* APIRequest.swift in Sources */ = {isa = PBXBuildFile; fileRef = 1484AE1F2B2F6DCC009D5EBB /* APIRequest.swift */; };
		1484AE222B2F6E7F009D5EBB /* APIEndPoint.swift in Sources */ = {isa = PBXBuildFile; fileRef = 1484AE212B2F6E7F009D5EBB /* APIEndPoint.swift */; };
		1484AE242B306559009D5EBB /* Origin.swift in Sources */ = {isa = PBXBuildFile; fileRef = 1484AE232B306559009D5EBB /* Origin.swift */; };
		1484AE262B306661009D5EBB /* SingleLocation.swift in Sources */ = {isa = PBXBuildFile; fileRef = 1484AE252B306661009D5EBB /* SingleLocation.swift */; };
		1484AE2A2B30A448009D5EBB /* GetAllCharactersResponse.swift in Sources */ = {isa = PBXBuildFile; fileRef = 1484AE292B30A448009D5EBB /* GetAllCharactersResponse.swift */; };
		1484AE2C2B32F26C009D5EBB /* CharacterListViewViewModel.swift in Sources */ = {isa = PBXBuildFile; fileRef = 1484AE2B2B32F26C009D5EBB /* CharacterListViewViewModel.swift */; };
		1484AE2E2B32F2B5009D5EBB /* CharacterListView.swift in Sources */ = {isa = PBXBuildFile; fileRef = 1484AE2D2B32F2B5009D5EBB /* CharacterListView.swift */; };
		1484AE302B32FF54009D5EBB /* CharacterCollectionViewCell.swift in Sources */ = {isa = PBXBuildFile; fileRef = 1484AE2F2B32FF54009D5EBB /* CharacterCollectionViewCell.swift */; };
		1484AE322B333B87009D5EBB /* SpacerView.swift in Sources */ = {isa = PBXBuildFile; fileRef = 1484AE312B333B87009D5EBB /* SpacerView.swift */; };
/* End PBXBuildFile section */

/* Begin PBXContainerItemProxy section */
		1484ADE62B2F527E009D5EBB /* PBXContainerItemProxy */ = {
			isa = PBXContainerItemProxy;
			containerPortal = 1484ADC72B2F527D009D5EBB /* Project object */;
			proxyType = 1;
			remoteGlobalIDString = 1484ADCE2B2F527D009D5EBB;
			remoteInfo = RickAndMortyApp;
		};
		1484ADF02B2F527E009D5EBB /* PBXContainerItemProxy */ = {
			isa = PBXContainerItemProxy;
			containerPortal = 1484ADC72B2F527D009D5EBB /* Project object */;
			proxyType = 1;
			remoteGlobalIDString = 1484ADCE2B2F527D009D5EBB;
			remoteInfo = RickAndMortyApp;
		};
/* End PBXContainerItemProxy section */

/* Begin PBXFileReference section */
		1484ADCF2B2F527D009D5EBB /* RickAndMortyApp.app */ = {isa = PBXFileReference; explicitFileType = wrapper.application; includeInIndex = 0; path = RickAndMortyApp.app; sourceTree = BUILT_PRODUCTS_DIR; };
		1484ADD22B2F527D009D5EBB /* AppDelegate.swift */ = {isa = PBXFileReference; lastKnownFileType = sourcecode.swift; path = AppDelegate.swift; sourceTree = "<group>"; };
		1484ADD42B2F527D009D5EBB /* SceneDelegate.swift */ = {isa = PBXFileReference; lastKnownFileType = sourcecode.swift; path = SceneDelegate.swift; sourceTree = "<group>"; };
		1484ADD62B2F527D009D5EBB /* TabBarViewControllerTabViewController.swift */ = {isa = PBXFileReference; lastKnownFileType = sourcecode.swift; path = TabBarViewControllerTabViewController.swift; sourceTree = "<group>"; };
		1484ADDB2B2F527E009D5EBB /* Assets.xcassets */ = {isa = PBXFileReference; lastKnownFileType = folder.assetcatalog; path = Assets.xcassets; sourceTree = "<group>"; };
		1484ADDE2B2F527E009D5EBB /* Base */ = {isa = PBXFileReference; lastKnownFileType = file.storyboard; name = Base; path = Base.lproj/LaunchScreen.storyboard; sourceTree = "<group>"; };
		1484ADE02B2F527E009D5EBB /* Info.plist */ = {isa = PBXFileReference; lastKnownFileType = text.plist.xml; path = Info.plist; sourceTree = "<group>"; };
		1484ADE52B2F527E009D5EBB /* RickAndMortyAppTests.xctest */ = {isa = PBXFileReference; explicitFileType = wrapper.cfbundle; includeInIndex = 0; path = RickAndMortyAppTests.xctest; sourceTree = BUILT_PRODUCTS_DIR; };
		1484ADE92B2F527E009D5EBB /* RickAndMortyAppTests.swift */ = {isa = PBXFileReference; lastKnownFileType = sourcecode.swift; path = RickAndMortyAppTests.swift; sourceTree = "<group>"; };
		1484ADEF2B2F527E009D5EBB /* RickAndMortyAppUITests.xctest */ = {isa = PBXFileReference; explicitFileType = wrapper.cfbundle; includeInIndex = 0; path = RickAndMortyAppUITests.xctest; sourceTree = BUILT_PRODUCTS_DIR; };
		1484ADF32B2F527E009D5EBB /* RickAndMortyAppUITests.swift */ = {isa = PBXFileReference; lastKnownFileType = sourcecode.swift; path = RickAndMortyAppUITests.swift; sourceTree = "<group>"; };
		1484ADF52B2F527E009D5EBB /* RickAndMortyAppUITestsLaunchTests.swift */ = {isa = PBXFileReference; lastKnownFileType = sourcecode.swift; path = RickAndMortyAppUITestsLaunchTests.swift; sourceTree = "<group>"; };
		1484AE092B2F59C6009D5EBB /* Character.swift */ = {isa = PBXFileReference; lastKnownFileType = sourcecode.swift; path = Character.swift; sourceTree = "<group>"; };
		1484AE0B2B2F59D6009D5EBB /* Location.swift */ = {isa = PBXFileReference; lastKnownFileType = sourcecode.swift; path = Location.swift; sourceTree = "<group>"; };
		1484AE0D2B2F59FB009D5EBB /* Episode.swift */ = {isa = PBXFileReference; lastKnownFileType = sourcecode.swift; path = Episode.swift; sourceTree = "<group>"; };
		1484AE112B2F5AE3009D5EBB /* CharacterViewController.swift */ = {isa = PBXFileReference; lastKnownFileType = sourcecode.swift; path = CharacterViewController.swift; sourceTree = "<group>"; };
		1484AE132B2F5AF0009D5EBB /* EpisodeViewController.swift */ = {isa = PBXFileReference; lastKnownFileType = sourcecode.swift; path = EpisodeViewController.swift; sourceTree = "<group>"; };
		1484AE152B2F5B07009D5EBB /* LocationViewController.swift */ = {isa = PBXFileReference; lastKnownFileType = sourcecode.swift; path = LocationViewController.swift; sourceTree = "<group>"; };
		1484AE172B2F5B1F009D5EBB /* SettingsViewController.swift */ = {isa = PBXFileReference; lastKnownFileType = sourcecode.swift; path = SettingsViewController.swift; sourceTree = "<group>"; };
		1484AE1D2B2F6DB9009D5EBB /* APIService.swift */ = {isa = PBXFileReference; lastKnownFileType = sourcecode.swift; path = APIService.swift; sourceTree = "<group>"; };
		1484AE1F2B2F6DCC009D5EBB /* APIRequest.swift */ = {isa = PBXFileReference; lastKnownFileType = sourcecode.swift; path = APIRequest.swift; sourceTree = "<group>"; };
		1484AE212B2F6E7F009D5EBB /* APIEndPoint.swift */ = {isa = PBXFileReference; lastKnownFileType = sourcecode.swift; path = APIEndPoint.swift; sourceTree = "<group>"; };
		1484AE232B306559009D5EBB /* Origin.swift */ = {isa = PBXFileReference; lastKnownFileType = sourcecode.swift; path = Origin.swift; sourceTree = "<group>"; };
		1484AE252B306661009D5EBB /* SingleLocation.swift */ = {isa = PBXFileReference; lastKnownFileType = sourcecode.swift; path = SingleLocation.swift; sourceTree = "<group>"; };
		1484AE292B30A448009D5EBB /* GetAllCharactersResponse.swift */ = {isa = PBXFileReference; lastKnownFileType = sourcecode.swift; path = GetAllCharactersResponse.swift; sourceTree = "<group>"; };
		1484AE2B2B32F26C009D5EBB /* CharacterListViewViewModel.swift */ = {isa = PBXFileReference; lastKnownFileType = sourcecode.swift; path = CharacterListViewViewModel.swift; sourceTree = "<group>"; };
		1484AE2D2B32F2B5009D5EBB /* CharacterListView.swift */ = {isa = PBXFileReference; lastKnownFileType = sourcecode.swift; path = CharacterListView.swift; sourceTree = "<group>"; };
		1484AE2F2B32FF54009D5EBB /* CharacterCollectionViewCell.swift */ = {isa = PBXFileReference; lastKnownFileType = sourcecode.swift; path = CharacterCollectionViewCell.swift; sourceTree = "<group>"; };
		1484AE312B333B87009D5EBB /* SpacerView.swift */ = {isa = PBXFileReference; lastKnownFileType = sourcecode.swift; path = SpacerView.swift; sourceTree = "<group>"; };
/* End PBXFileReference section */

/* Begin PBXFrameworksBuildPhase section */
		1484ADCC2B2F527D009D5EBB /* Frameworks */ = {
			isa = PBXFrameworksBuildPhase;
			buildActionMask = 2147483647;
			files = (
			);
			runOnlyForDeploymentPostprocessing = 0;
		};
		1484ADE22B2F527E009D5EBB /* Frameworks */ = {
			isa = PBXFrameworksBuildPhase;
			buildActionMask = 2147483647;
			files = (
			);
			runOnlyForDeploymentPostprocessing = 0;
		};
		1484ADEC2B2F527E009D5EBB /* Frameworks */ = {
			isa = PBXFrameworksBuildPhase;
			buildActionMask = 2147483647;
			files = (
			);
			runOnlyForDeploymentPostprocessing = 0;
		};
/* End PBXFrameworksBuildPhase section */

/* Begin PBXGroup section */
		1484ADC62B2F527D009D5EBB = {
			isa = PBXGroup;
			children = (
				1484ADD12B2F527D009D5EBB /* RickAndMortyApp */,
				1484ADE82B2F527E009D5EBB /* RickAndMortyAppTests */,
				1484ADF22B2F527E009D5EBB /* RickAndMortyAppUITests */,
				1484ADD02B2F527D009D5EBB /* Products */,
			);
			sourceTree = "<group>";
		};
		1484ADD02B2F527D009D5EBB /* Products */ = {
			isa = PBXGroup;
			children = (
				1484ADCF2B2F527D009D5EBB /* RickAndMortyApp.app */,
				1484ADE52B2F527E009D5EBB /* RickAndMortyAppTests.xctest */,
				1484ADEF2B2F527E009D5EBB /* RickAndMortyAppUITests.xctest */,
			);
			name = Products;
			sourceTree = "<group>";
		};
		1484ADD12B2F527D009D5EBB /* RickAndMortyApp */ = {
			isa = PBXGroup;
			children = (
				1484AE082B2F5936009D5EBB /* Resources */,
				1484AE072B2F590F009D5EBB /* APIClient */,
				1484AE062B2F5904009D5EBB /* Managers */,
				1484AE052B2F58FA009D5EBB /* ViewModels */,
				1484AE042B2F58E9009D5EBB /* Views */,
				1484AE032B2F58DF009D5EBB /* Models */,
				1484AE022B2F58CA009D5EBB /* Controllers */,
				1484ADE02B2F527E009D5EBB /* Info.plist */,
			);
			path = RickAndMortyApp;
			sourceTree = "<group>";
		};
		1484ADE82B2F527E009D5EBB /* RickAndMortyAppTests */ = {
			isa = PBXGroup;
			children = (
				1484ADE92B2F527E009D5EBB /* RickAndMortyAppTests.swift */,
			);
			path = RickAndMortyAppTests;
			sourceTree = "<group>";
		};
		1484ADF22B2F527E009D5EBB /* RickAndMortyAppUITests */ = {
			isa = PBXGroup;
			children = (
				1484ADF32B2F527E009D5EBB /* RickAndMortyAppUITests.swift */,
				1484ADF52B2F527E009D5EBB /* RickAndMortyAppUITestsLaunchTests.swift */,
			);
			path = RickAndMortyAppUITests;
			sourceTree = "<group>";
		};
		1484AE022B2F58CA009D5EBB /* Controllers */ = {
			isa = PBXGroup;
			children = (
				1484AE0F2B2F5A92009D5EBB /* Core */,
			);
			path = Controllers;
			sourceTree = "<group>";
		};
		1484AE032B2F58DF009D5EBB /* Models */ = {
			isa = PBXGroup;
			children = (
				1484AE282B30A41A009D5EBB /* APIResponseTypes */,
				1484AE272B30A402009D5EBB /* DataTypes */,
			);
			path = Models;
			sourceTree = "<group>";
		};
		1484AE042B2F58E9009D5EBB /* Views */ = {
			isa = PBXGroup;
			children = (
				1484AE2D2B32F2B5009D5EBB /* CharacterListView.swift */,
				1484AE2F2B32FF54009D5EBB /* CharacterCollectionViewCell.swift */,
				1484AE312B333B87009D5EBB /* SpacerView.swift */,
			);
			path = Views;
			sourceTree = "<group>";
		};
		1484AE052B2F58FA009D5EBB /* ViewModels */ = {
			isa = PBXGroup;
			children = (
				1484AE2B2B32F26C009D5EBB /* CharacterListViewViewModel.swift */,
			);
			path = ViewModels;
			sourceTree = "<group>";
		};
		1484AE062B2F5904009D5EBB /* Managers */ = {
			isa = PBXGroup;
			children = (
			);
			path = Managers;
			sourceTree = "<group>";
		};
		1484AE072B2F590F009D5EBB /* APIClient */ = {
			isa = PBXGroup;
			children = (
				1484AE1D2B2F6DB9009D5EBB /* APIService.swift */,
				1484AE1F2B2F6DCC009D5EBB /* APIRequest.swift */,
				1484AE212B2F6E7F009D5EBB /* APIEndPoint.swift */,
			);
			path = APIClient;
			sourceTree = "<group>";
		};
		1484AE082B2F5936009D5EBB /* Resources */ = {
			isa = PBXGroup;
			children = (
				1484ADD22B2F527D009D5EBB /* AppDelegate.swift */,
				1484ADD42B2F527D009D5EBB /* SceneDelegate.swift */,
				1484ADDB2B2F527E009D5EBB /* Assets.xcassets */,
				1484ADDD2B2F527E009D5EBB /* LaunchScreen.storyboard */,
			);
			path = Resources;
			sourceTree = "<group>";
		};
		1484AE0F2B2F5A92009D5EBB /* Core */ = {
			isa = PBXGroup;
			children = (
				1484ADD62B2F527D009D5EBB /* TabBarViewControllerTabViewController.swift */,
				1484AE112B2F5AE3009D5EBB /* CharacterViewController.swift */,
				1484AE132B2F5AF0009D5EBB /* EpisodeViewController.swift */,
				1484AE152B2F5B07009D5EBB /* LocationViewController.swift */,
				1484AE172B2F5B1F009D5EBB /* SettingsViewController.swift */,
			);
			path = Core;
			sourceTree = "<group>";
		};
		1484AE272B30A402009D5EBB /* DataTypes */ = {
			isa = PBXGroup;
			children = (
				1484AE092B2F59C6009D5EBB /* Character.swift */,
				1484AE0B2B2F59D6009D5EBB /* Location.swift */,
				1484AE0D2B2F59FB009D5EBB /* Episode.swift */,
				1484AE232B306559009D5EBB /* Origin.swift */,
				1484AE252B306661009D5EBB /* SingleLocation.swift */,
			);
			path = DataTypes;
			sourceTree = "<group>";
		};
		1484AE282B30A41A009D5EBB /* APIResponseTypes */ = {
			isa = PBXGroup;
			children = (
				1484AE292B30A448009D5EBB /* GetAllCharactersResponse.swift */,
			);
			path = APIResponseTypes;
			sourceTree = "<group>";
		};
/* End PBXGroup section */

/* Begin PBXNativeTarget section */
		1484ADCE2B2F527D009D5EBB /* RickAndMortyApp */ = {
			isa = PBXNativeTarget;
			buildConfigurationList = 1484ADF92B2F527E009D5EBB /* Build configuration list for PBXNativeTarget "RickAndMortyApp" */;
			buildPhases = (
				1484ADCB2B2F527D009D5EBB /* Sources */,
				1484ADCC2B2F527D009D5EBB /* Frameworks */,
				1484ADCD2B2F527D009D5EBB /* Resources */,
			);
			buildRules = (
			);
			dependencies = (
			);
			name = RickAndMortyApp;
			productName = RickAndMortyApp;
			productReference = 1484ADCF2B2F527D009D5EBB /* RickAndMortyApp.app */;
			productType = "com.apple.product-type.application";
		};
		1484ADE42B2F527E009D5EBB /* RickAndMortyAppTests */ = {
			isa = PBXNativeTarget;
			buildConfigurationList = 1484ADFC2B2F527E009D5EBB /* Build configuration list for PBXNativeTarget "RickAndMortyAppTests" */;
			buildPhases = (
				1484ADE12B2F527E009D5EBB /* Sources */,
				1484ADE22B2F527E009D5EBB /* Frameworks */,
				1484ADE32B2F527E009D5EBB /* Resources */,
			);
			buildRules = (
			);
			dependencies = (
				1484ADE72B2F527E009D5EBB /* PBXTargetDependency */,
			);
			name = RickAndMortyAppTests;
			productName = RickAndMortyAppTests;
			productReference = 1484ADE52B2F527E009D5EBB /* RickAndMortyAppTests.xctest */;
			productType = "com.apple.product-type.bundle.unit-test";
		};
		1484ADEE2B2F527E009D5EBB /* RickAndMortyAppUITests */ = {
			isa = PBXNativeTarget;
			buildConfigurationList = 1484ADFF2B2F527E009D5EBB /* Build configuration list for PBXNativeTarget "RickAndMortyAppUITests" */;
			buildPhases = (
				1484ADEB2B2F527E009D5EBB /* Sources */,
				1484ADEC2B2F527E009D5EBB /* Frameworks */,
				1484ADED2B2F527E009D5EBB /* Resources */,
			);
			buildRules = (
			);
			dependencies = (
				1484ADF12B2F527E009D5EBB /* PBXTargetDependency */,
			);
			name = RickAndMortyAppUITests;
			productName = RickAndMortyAppUITests;
			productReference = 1484ADEF2B2F527E009D5EBB /* RickAndMortyAppUITests.xctest */;
			productType = "com.apple.product-type.bundle.ui-testing";
		};
/* End PBXNativeTarget section */

/* Begin PBXProject section */
		1484ADC72B2F527D009D5EBB /* Project object */ = {
			isa = PBXProject;
			attributes = {
				BuildIndependentTargetsInParallel = 1;
				LastSwiftUpdateCheck = 1510;
				LastUpgradeCheck = 1510;
				TargetAttributes = {
					1484ADCE2B2F527D009D5EBB = {
						CreatedOnToolsVersion = 15.1;
					};
					1484ADE42B2F527E009D5EBB = {
						CreatedOnToolsVersion = 15.1;
						TestTargetID = 1484ADCE2B2F527D009D5EBB;
					};
					1484ADEE2B2F527E009D5EBB = {
						CreatedOnToolsVersion = 15.1;
						TestTargetID = 1484ADCE2B2F527D009D5EBB;
					};
				};
			};
			buildConfigurationList = 1484ADCA2B2F527D009D5EBB /* Build configuration list for PBXProject "RickAndMortyApp" */;
			compatibilityVersion = "Xcode 14.0";
			developmentRegion = en;
			hasScannedForEncodings = 0;
			knownRegions = (
				en,
				Base,
			);
			mainGroup = 1484ADC62B2F527D009D5EBB;
			productRefGroup = 1484ADD02B2F527D009D5EBB /* Products */;
			projectDirPath = "";
			projectRoot = "";
			targets = (
				1484ADCE2B2F527D009D5EBB /* RickAndMortyApp */,
				1484ADE42B2F527E009D5EBB /* RickAndMortyAppTests */,
				1484ADEE2B2F527E009D5EBB /* RickAndMortyAppUITests */,
			);
		};
/* End PBXProject section */

/* Begin PBXResourcesBuildPhase section */
		1484ADCD2B2F527D009D5EBB /* Resources */ = {
			isa = PBXResourcesBuildPhase;
			buildActionMask = 2147483647;
			files = (
				1484ADDF2B2F527E009D5EBB /* LaunchScreen.storyboard in Resources */,
				1484ADDC2B2F527E009D5EBB /* Assets.xcassets in Resources */,
			);
			runOnlyForDeploymentPostprocessing = 0;
		};
		1484ADE32B2F527E009D5EBB /* Resources */ = {
			isa = PBXResourcesBuildPhase;
			buildActionMask = 2147483647;
			files = (
			);
			runOnlyForDeploymentPostprocessing = 0;
		};
		1484ADED2B2F527E009D5EBB /* Resources */ = {
			isa = PBXResourcesBuildPhase;
			buildActionMask = 2147483647;
			files = (
			);
			runOnlyForDeploymentPostprocessing = 0;
		};
/* End PBXResourcesBuildPhase section */

/* Begin PBXSourcesBuildPhase section */
		1484ADCB2B2F527D009D5EBB /* Sources */ = {
			isa = PBXSourcesBuildPhase;
			buildActionMask = 2147483647;
			files = (
				1484ADD72B2F527D009D5EBB /* TabBarViewControllerTabViewController.swift in Sources */,
				1484AE2A2B30A448009D5EBB /* GetAllCharactersResponse.swift in Sources */,
				1484AE0E2B2F59FB009D5EBB /* Episode.swift in Sources */,
				1484AE122B2F5AE3009D5EBB /* CharacterViewController.swift in Sources */,
				1484AE182B2F5B1F009D5EBB /* SettingsViewController.swift in Sources */,
				1484AE1E2B2F6DB9009D5EBB /* APIService.swift in Sources */,
				1484AE222B2F6E7F009D5EBB /* APIEndPoint.swift in Sources */,
				1484ADD32B2F527D009D5EBB /* AppDelegate.swift in Sources */,
				1484AE322B333B87009D5EBB /* SpacerView.swift in Sources */,
				1484AE0C2B2F59D6009D5EBB /* Location.swift in Sources */,
				1484AE2E2B32F2B5009D5EBB /* CharacterListView.swift in Sources */,
				1484ADD52B2F527D009D5EBB /* SceneDelegate.swift in Sources */,
				1484AE302B32FF54009D5EBB /* CharacterCollectionViewCell.swift in Sources */,
				1484AE162B2F5B07009D5EBB /* LocationViewController.swift in Sources */,
				1484AE142B2F5AF0009D5EBB /* EpisodeViewController.swift in Sources */,
				1484AE202B2F6DCC009D5EBB /* APIRequest.swift in Sources */,
				1484AE0A2B2F59C6009D5EBB /* Character.swift in Sources */,
				1484AE2C2B32F26C009D5EBB /* CharacterListViewViewModel.swift in Sources */,
				1484AE242B306559009D5EBB /* Origin.swift in Sources */,
				1484AE262B306661009D5EBB /* SingleLocation.swift in Sources */,
			);
			runOnlyForDeploymentPostprocessing = 0;
		};
		1484ADE12B2F527E009D5EBB /* Sources */ = {
			isa = PBXSourcesBuildPhase;
			buildActionMask = 2147483647;
			files = (
				1484ADEA2B2F527E009D5EBB /* RickAndMortyAppTests.swift in Sources */,
			);
			runOnlyForDeploymentPostprocessing = 0;
		};
		1484ADEB2B2F527E009D5EBB /* Sources */ = {
			isa = PBXSourcesBuildPhase;
			buildActionMask = 2147483647;
			files = (
				1484ADF42B2F527E009D5EBB /* RickAndMortyAppUITests.swift in Sources */,
				1484ADF62B2F527E009D5EBB /* RickAndMortyAppUITestsLaunchTests.swift in Sources */,
			);
			runOnlyForDeploymentPostprocessing = 0;
		};
/* End PBXSourcesBuildPhase section */

/* Begin PBXTargetDependency section */
		1484ADE72B2F527E009D5EBB /* PBXTargetDependency */ = {
			isa = PBXTargetDependency;
			target = 1484ADCE2B2F527D009D5EBB /* RickAndMortyApp */;
			targetProxy = 1484ADE62B2F527E009D5EBB /* PBXContainerItemProxy */;
		};
		1484ADF12B2F527E009D5EBB /* PBXTargetDependency */ = {
			isa = PBXTargetDependency;
			target = 1484ADCE2B2F527D009D5EBB /* RickAndMortyApp */;
			targetProxy = 1484ADF02B2F527E009D5EBB /* PBXContainerItemProxy */;
		};
/* End PBXTargetDependency section */

/* Begin PBXVariantGroup section */
		1484ADDD2B2F527E009D5EBB /* LaunchScreen.storyboard */ = {
			isa = PBXVariantGroup;
			children = (
				1484ADDE2B2F527E009D5EBB /* Base */,
			);
			name = LaunchScreen.storyboard;
			sourceTree = "<group>";
		};
/* End PBXVariantGroup section */

/* Begin XCBuildConfiguration section */
		1484ADF72B2F527E009D5EBB /* Debug */ = {
			isa = XCBuildConfiguration;
			buildSettings = {
				ALWAYS_SEARCH_USER_PATHS = NO;
				ASSETCATALOG_COMPILER_GENERATE_SWIFT_ASSET_SYMBOL_EXTENSIONS = YES;
				CLANG_ANALYZER_NONNULL = YES;
				CLANG_ANALYZER_NUMBER_OBJECT_CONVERSION = YES_AGGRESSIVE;
				CLANG_CXX_LANGUAGE_STANDARD = "gnu++20";
				CLANG_ENABLE_MODULES = YES;
				CLANG_ENABLE_OBJC_ARC = YES;
				CLANG_ENABLE_OBJC_WEAK = YES;
				CLANG_WARN_BLOCK_CAPTURE_AUTORELEASING = YES;
				CLANG_WARN_BOOL_CONVERSION = YES;
				CLANG_WARN_COMMA = YES;
				CLANG_WARN_CONSTANT_CONVERSION = YES;
				CLANG_WARN_DEPRECATED_OBJC_IMPLEMENTATIONS = YES;
				CLANG_WARN_DIRECT_OBJC_ISA_USAGE = YES_ERROR;
				CLANG_WARN_DOCUMENTATION_COMMENTS = YES;
				CLANG_WARN_EMPTY_BODY = YES;
				CLANG_WARN_ENUM_CONVERSION = YES;
				CLANG_WARN_INFINITE_RECURSION = YES;
				CLANG_WARN_INT_CONVERSION = YES;
				CLANG_WARN_NON_LITERAL_NULL_CONVERSION = YES;
				CLANG_WARN_OBJC_IMPLICIT_RETAIN_SELF = YES;
				CLANG_WARN_OBJC_LITERAL_CONVERSION = YES;
				CLANG_WARN_OBJC_ROOT_CLASS = YES_ERROR;
				CLANG_WARN_QUOTED_INCLUDE_IN_FRAMEWORK_HEADER = YES;
				CLANG_WARN_RANGE_LOOP_ANALYSIS = YES;
				CLANG_WARN_STRICT_PROTOTYPES = YES;
				CLANG_WARN_SUSPICIOUS_MOVE = YES;
				CLANG_WARN_UNGUARDED_AVAILABILITY = YES_AGGRESSIVE;
				CLANG_WARN_UNREACHABLE_CODE = YES;
				CLANG_WARN__DUPLICATE_METHOD_MATCH = YES;
				COPY_PHASE_STRIP = NO;
				DEBUG_INFORMATION_FORMAT = dwarf;
				ENABLE_STRICT_OBJC_MSGSEND = YES;
				ENABLE_TESTABILITY = YES;
				ENABLE_USER_SCRIPT_SANDBOXING = YES;
				GCC_C_LANGUAGE_STANDARD = gnu17;
				GCC_DYNAMIC_NO_PIC = NO;
				GCC_NO_COMMON_BLOCKS = YES;
				GCC_OPTIMIZATION_LEVEL = 0;
				GCC_PREPROCESSOR_DEFINITIONS = (
					"DEBUG=1",
					"$(inherited)",
				);
				GCC_WARN_64_TO_32_BIT_CONVERSION = YES;
				GCC_WARN_ABOUT_RETURN_TYPE = YES_ERROR;
				GCC_WARN_UNDECLARED_SELECTOR = YES;
				GCC_WARN_UNINITIALIZED_AUTOS = YES_AGGRESSIVE;
				GCC_WARN_UNUSED_FUNCTION = YES;
				GCC_WARN_UNUSED_VARIABLE = YES;
				IPHONEOS_DEPLOYMENT_TARGET = 17.2;
				LOCALIZATION_PREFERS_STRING_CATALOGS = YES;
				MTL_ENABLE_DEBUG_INFO = INCLUDE_SOURCE;
				MTL_FAST_MATH = YES;
				ONLY_ACTIVE_ARCH = YES;
				SDKROOT = iphoneos;
				SWIFT_ACTIVE_COMPILATION_CONDITIONS = "DEBUG $(inherited)";
				SWIFT_OPTIMIZATION_LEVEL = "-Onone";
			};
			name = Debug;
		};
		1484ADF82B2F527E009D5EBB /* Release */ = {
			isa = XCBuildConfiguration;
			buildSettings = {
				ALWAYS_SEARCH_USER_PATHS = NO;
				ASSETCATALOG_COMPILER_GENERATE_SWIFT_ASSET_SYMBOL_EXTENSIONS = YES;
				CLANG_ANALYZER_NONNULL = YES;
				CLANG_ANALYZER_NUMBER_OBJECT_CONVERSION = YES_AGGRESSIVE;
				CLANG_CXX_LANGUAGE_STANDARD = "gnu++20";
				CLANG_ENABLE_MODULES = YES;
				CLANG_ENABLE_OBJC_ARC = YES;
				CLANG_ENABLE_OBJC_WEAK = YES;
				CLANG_WARN_BLOCK_CAPTURE_AUTORELEASING = YES;
				CLANG_WARN_BOOL_CONVERSION = YES;
				CLANG_WARN_COMMA = YES;
				CLANG_WARN_CONSTANT_CONVERSION = YES;
				CLANG_WARN_DEPRECATED_OBJC_IMPLEMENTATIONS = YES;
				CLANG_WARN_DIRECT_OBJC_ISA_USAGE = YES_ERROR;
				CLANG_WARN_DOCUMENTATION_COMMENTS = YES;
				CLANG_WARN_EMPTY_BODY = YES;
				CLANG_WARN_ENUM_CONVERSION = YES;
				CLANG_WARN_INFINITE_RECURSION = YES;
				CLANG_WARN_INT_CONVERSION = YES;
				CLANG_WARN_NON_LITERAL_NULL_CONVERSION = YES;
				CLANG_WARN_OBJC_IMPLICIT_RETAIN_SELF = YES;
				CLANG_WARN_OBJC_LITERAL_CONVERSION = YES;
				CLANG_WARN_OBJC_ROOT_CLASS = YES_ERROR;
				CLANG_WARN_QUOTED_INCLUDE_IN_FRAMEWORK_HEADER = YES;
				CLANG_WARN_RANGE_LOOP_ANALYSIS = YES;
				CLANG_WARN_STRICT_PROTOTYPES = YES;
				CLANG_WARN_SUSPICIOUS_MOVE = YES;
				CLANG_WARN_UNGUARDED_AVAILABILITY = YES_AGGRESSIVE;
				CLANG_WARN_UNREACHABLE_CODE = YES;
				CLANG_WARN__DUPLICATE_METHOD_MATCH = YES;
				COPY_PHASE_STRIP = NO;
				DEBUG_INFORMATION_FORMAT = "dwarf-with-dsym";
				ENABLE_NS_ASSERTIONS = NO;
				ENABLE_STRICT_OBJC_MSGSEND = YES;
				ENABLE_USER_SCRIPT_SANDBOXING = YES;
				GCC_C_LANGUAGE_STANDARD = gnu17;
				GCC_NO_COMMON_BLOCKS = YES;
				GCC_WARN_64_TO_32_BIT_CONVERSION = YES;
				GCC_WARN_ABOUT_RETURN_TYPE = YES_ERROR;
				GCC_WARN_UNDECLARED_SELECTOR = YES;
				GCC_WARN_UNINITIALIZED_AUTOS = YES_AGGRESSIVE;
				GCC_WARN_UNUSED_FUNCTION = YES;
				GCC_WARN_UNUSED_VARIABLE = YES;
				IPHONEOS_DEPLOYMENT_TARGET = 17.2;
				LOCALIZATION_PREFERS_STRING_CATALOGS = YES;
				MTL_ENABLE_DEBUG_INFO = NO;
				MTL_FAST_MATH = YES;
				SDKROOT = iphoneos;
				SWIFT_COMPILATION_MODE = wholemodule;
				VALIDATE_PRODUCT = YES;
			};
			name = Release;
		};
		1484ADFA2B2F527E009D5EBB /* Debug */ = {
			isa = XCBuildConfiguration;
			buildSettings = {
				ASSETCATALOG_COMPILER_APPICON_NAME = AppIcon;
				ASSETCATALOG_COMPILER_GLOBAL_ACCENT_COLOR_NAME = AccentColor;
				CODE_SIGN_STYLE = Automatic;
				CURRENT_PROJECT_VERSION = 1;
				DEVELOPMENT_TEAM = LW9DHQ8252;
				GENERATE_INFOPLIST_FILE = YES;
				INFOPLIST_FILE = RickAndMortyApp/Info.plist;
				INFOPLIST_KEY_UIApplicationSupportsIndirectInputEvents = YES;
				INFOPLIST_KEY_UILaunchStoryboardName = LaunchScreen;
				INFOPLIST_KEY_UISupportedInterfaceOrientations_iPad = "UIInterfaceOrientationPortrait UIInterfaceOrientationPortraitUpsideDown UIInterfaceOrientationLandscapeLeft UIInterfaceOrientationLandscapeRight";
				INFOPLIST_KEY_UISupportedInterfaceOrientations_iPhone = "UIInterfaceOrientationPortrait UIInterfaceOrientationLandscapeLeft UIInterfaceOrientationLandscapeRight";
				LD_RUNPATH_SEARCH_PATHS = (
					"$(inherited)",
					"@executable_path/Frameworks",
				);
				MARKETING_VERSION = 1.0;
				PRODUCT_BUNDLE_IDENTIFIER = josemalagon.es.RickAndMortyApp;
				PRODUCT_NAME = "$(TARGET_NAME)";
				SWIFT_EMIT_LOC_STRINGS = YES;
				SWIFT_VERSION = 5.0;
				TARGETED_DEVICE_FAMILY = "1,2";
			};
			name = Debug;
		};
		1484ADFB2B2F527E009D5EBB /* Release */ = {
			isa = XCBuildConfiguration;
			buildSettings = {
				ASSETCATALOG_COMPILER_APPICON_NAME = AppIcon;
				ASSETCATALOG_COMPILER_GLOBAL_ACCENT_COLOR_NAME = AccentColor;
				CODE_SIGN_STYLE = Automatic;
				CURRENT_PROJECT_VERSION = 1;
				DEVELOPMENT_TEAM = LW9DHQ8252;
				GENERATE_INFOPLIST_FILE = YES;
				INFOPLIST_FILE = RickAndMortyApp/Info.plist;
				INFOPLIST_KEY_UIApplicationSupportsIndirectInputEvents = YES;
				INFOPLIST_KEY_UILaunchStoryboardName = LaunchScreen;
				INFOPLIST_KEY_UISupportedInterfaceOrientations_iPad = "UIInterfaceOrientationPortrait UIInterfaceOrientationPortraitUpsideDown UIInterfaceOrientationLandscapeLeft UIInterfaceOrientationLandscapeRight";
				INFOPLIST_KEY_UISupportedInterfaceOrientations_iPhone = "UIInterfaceOrientationPortrait UIInterfaceOrientationLandscapeLeft UIInterfaceOrientationLandscapeRight";
				LD_RUNPATH_SEARCH_PATHS = (
					"$(inherited)",
					"@executable_path/Frameworks",
				);
				MARKETING_VERSION = 1.0;
				PRODUCT_BUNDLE_IDENTIFIER = josemalagon.es.RickAndMortyApp;
				PRODUCT_NAME = "$(TARGET_NAME)";
				SWIFT_EMIT_LOC_STRINGS = YES;
				SWIFT_VERSION = 5.0;
				TARGETED_DEVICE_FAMILY = "1,2";
			};
			name = Release;
		};
		1484ADFD2B2F527E009D5EBB /* Debug */ = {
			isa = XCBuildConfiguration;
			buildSettings = {
				ALWAYS_EMBED_SWIFT_STANDARD_LIBRARIES = YES;
				BUNDLE_LOADER = "$(TEST_HOST)";
				CODE_SIGN_STYLE = Automatic;
				CURRENT_PROJECT_VERSION = 1;
				DEVELOPMENT_TEAM = LW9DHQ8252;
				GENERATE_INFOPLIST_FILE = YES;
				IPHONEOS_DEPLOYMENT_TARGET = 17.2;
				MARKETING_VERSION = 1.0;
				PRODUCT_BUNDLE_IDENTIFIER = josemalagon.es.RickAndMortyAppTests;
				PRODUCT_NAME = "$(TARGET_NAME)";
				SWIFT_EMIT_LOC_STRINGS = NO;
				SWIFT_VERSION = 5.0;
				TARGETED_DEVICE_FAMILY = "1,2";
				TEST_HOST = "$(BUILT_PRODUCTS_DIR)/RickAndMortyApp.app/$(BUNDLE_EXECUTABLE_FOLDER_PATH)/RickAndMortyApp";
			};
			name = Debug;
		};
		1484ADFE2B2F527E009D5EBB /* Release */ = {
			isa = XCBuildConfiguration;
			buildSettings = {
				ALWAYS_EMBED_SWIFT_STANDARD_LIBRARIES = YES;
				BUNDLE_LOADER = "$(TEST_HOST)";
				CODE_SIGN_STYLE = Automatic;
				CURRENT_PROJECT_VERSION = 1;
				DEVELOPMENT_TEAM = LW9DHQ8252;
				GENERATE_INFOPLIST_FILE = YES;
				IPHONEOS_DEPLOYMENT_TARGET = 17.2;
				MARKETING_VERSION = 1.0;
				PRODUCT_BUNDLE_IDENTIFIER = josemalagon.es.RickAndMortyAppTests;
				PRODUCT_NAME = "$(TARGET_NAME)";
				SWIFT_EMIT_LOC_STRINGS = NO;
				SWIFT_VERSION = 5.0;
				TARGETED_DEVICE_FAMILY = "1,2";
				TEST_HOST = "$(BUILT_PRODUCTS_DIR)/RickAndMortyApp.app/$(BUNDLE_EXECUTABLE_FOLDER_PATH)/RickAndMortyApp";
			};
			name = Release;
		};
		1484AE002B2F527E009D5EBB /* Debug */ = {
			isa = XCBuildConfiguration;
			buildSettings = {
				ALWAYS_EMBED_SWIFT_STANDARD_LIBRARIES = YES;
				CODE_SIGN_STYLE = Automatic;
				CURRENT_PROJECT_VERSION = 1;
				DEVELOPMENT_TEAM = LW9DHQ8252;
				GENERATE_INFOPLIST_FILE = YES;
				MARKETING_VERSION = 1.0;
				PRODUCT_BUNDLE_IDENTIFIER = josemalagon.es.RickAndMortyAppUITests;
				PRODUCT_NAME = "$(TARGET_NAME)";
				SWIFT_EMIT_LOC_STRINGS = NO;
				SWIFT_VERSION = 5.0;
				TARGETED_DEVICE_FAMILY = "1,2";
				TEST_TARGET_NAME = RickAndMortyApp;
			};
			name = Debug;
		};
		1484AE012B2F527E009D5EBB /* Release */ = {
			isa = XCBuildConfiguration;
			buildSettings = {
				ALWAYS_EMBED_SWIFT_STANDARD_LIBRARIES = YES;
				CODE_SIGN_STYLE = Automatic;
				CURRENT_PROJECT_VERSION = 1;
				DEVELOPMENT_TEAM = LW9DHQ8252;
				GENERATE_INFOPLIST_FILE = YES;
				MARKETING_VERSION = 1.0;
				PRODUCT_BUNDLE_IDENTIFIER = josemalagon.es.RickAndMortyAppUITests;
				PRODUCT_NAME = "$(TARGET_NAME)";
				SWIFT_EMIT_LOC_STRINGS = NO;
				SWIFT_VERSION = 5.0;
				TARGETED_DEVICE_FAMILY = "1,2";
				TEST_TARGET_NAME = RickAndMortyApp;
			};
			name = Release;
		};
/* End XCBuildConfiguration section */

/* Begin XCConfigurationList section */
		1484ADCA2B2F527D009D5EBB /* Build configuration list for PBXProject "RickAndMortyApp" */ = {
			isa = XCConfigurationList;
			buildConfigurations = (
				1484ADF72B2F527E009D5EBB /* Debug */,
				1484ADF82B2F527E009D5EBB /* Release */,
			);
			defaultConfigurationIsVisible = 0;
			defaultConfigurationName = Release;
		};
		1484ADF92B2F527E009D5EBB /* Build configuration list for PBXNativeTarget "RickAndMortyApp" */ = {
			isa = XCConfigurationList;
			buildConfigurations = (
				1484ADFA2B2F527E009D5EBB /* Debug */,
				1484ADFB2B2F527E009D5EBB /* Release */,
			);
			defaultConfigurationIsVisible = 0;
			defaultConfigurationName = Release;
		};
		1484ADFC2B2F527E009D5EBB /* Build configuration list for PBXNativeTarget "RickAndMortyAppTests" */ = {
			isa = XCConfigurationList;
			buildConfigurations = (
				1484ADFD2B2F527E009D5EBB /* Debug */,
				1484ADFE2B2F527E009D5EBB /* Release */,
			);
			defaultConfigurationIsVisible = 0;
			defaultConfigurationName = Release;
		};
		1484ADFF2B2F527E009D5EBB /* Build configuration list for PBXNativeTarget "RickAndMortyAppUITests" */ = {
			isa = XCConfigurationList;
			buildConfigurations = (
				1484AE002B2F527E009D5EBB /* Debug */,
				1484AE012B2F527E009D5EBB /* Release */,
			);
			defaultConfigurationIsVisible = 0;
			defaultConfigurationName = Release;
		};
/* End XCConfigurationList section */
	};
	rootObject = 1484ADC72B2F527D009D5EBB /* Project object */;
}
